
Microsoft Visual Studio Solution File, Format Version 12.00
# Visual Studio 15
Project("{FAE04EC0-301F-11D3-BF4B-00C04F79EFBC}") = "Assembly-CSharp", "Assembly-CSharp.csproj", "{CCA4CDB2-1258-BFC1-EF3F-C4BC52F054EB}"
EndProject
Global
	GlobalSection(SolutionConfigurationPlatforms) = preSolution
		Debug|Any CPU = Debug|Any CPU
		Release|Any CPU = Release|Any CPU
	EndGlobalSection
	GlobalSection(ProjectConfigurationPlatforms) = postSolution
		{CCA4CDB2-1258-BFC1-EF3F-C4BC52F054EB}.Debug|Any CPU.ActiveCfg = Debug|Any CPU
		{CCA4CDB2-1258-BFC1-EF3F-C4BC52F054EB}.Debug|Any CPU.Build.0 = Debug|Any CPU
		{CCA4CDB2-1258-BFC1-EF3F-C4BC52F054EB}.Release|Any CPU.ActiveCfg = Release|Any CPU
		{CCA4CDB2-1258-BFC1-EF3F-C4BC52F054EB}.Release|Any CPU.Build.0 = Release|Any CPU
	EndGlobalSection
	GlobalSection(SolutionProperties) = preSolution
		HideSolutionNode = FALSE
	EndGlobalSection
EndGlobal
